
Microsoft Visual Studio Solution File, Format Version 12.00
# Visual Studio 15
VisualStudioVersion = 15.0.26430.6
MinimumVisualStudioVersion = 10.0.40219.1
Project("{9A19103F-16F7-4668-BE54-9A1E7A4F7556}") = "HabraMark", "HabraMark\HabraMark.csproj", "{B4A2769A-B1A6-4C75-A692-7414F37FF758}"
EndProject
Project("{9A19103F-16F7-4668-BE54-9A1E7A4F7556}") = "HabraMark.Cli", "HabraMark.Cli\HabraMark.Cli.csproj", "{A5ADDDBE-3E0D-4C12-82F3-A4D1F4278A02}"
EndProject
Project("{9A19103F-16F7-4668-BE54-9A1E7A4F7556}") = "HabraMark.Tests", "HabraMark.Tests\HabraMark.Tests.csproj", "{DEF17271-8583-4554-B5DE-54FCB594DC2E}"
EndProject
Global
	GlobalSection(SolutionConfigurationPlatforms) = preSolution
		Debug|Any CPU = Debug|Any CPU
		Release|Any CPU = Release|Any CPU
	EndGlobalSection
	GlobalSection(ProjectConfigurationPlatforms) = postSolution
		{B4A2769A-B1A6-4C75-A692-7414F37FF758}.Debug|Any CPU.ActiveCfg = Debug|Any CPU
		{B4A2769A-B1A6-4C75-A692-7414F37FF758}.Debug|Any CPU.Build.0 = Debug|Any CPU
		{B4A2769A-B1A6-4C75-A692-7414F37FF758}.Release|Any CPU.ActiveCfg = Release|Any CPU
		{B4A2769A-B1A6-4C75-A692-7414F37FF758}.Release|Any CPU.Build.0 = Release|Any CPU
		{A5ADDDBE-3E0D-4C12-82F3-A4D1F4278A02}.Debug|Any CPU.ActiveCfg = Debug|Any CPU
		{A5ADDDBE-3E0D-4C12-82F3-A4D1F4278A02}.Debug|Any CPU.Build.0 = Debug|Any CPU
		{A5ADDDBE-3E0D-4C12-82F3-A4D1F4278A02}.Release|Any CPU.ActiveCfg = Release|Any CPU
		{A5ADDDBE-3E0D-4C12-82F3-A4D1F4278A02}.Release|Any CPU.Build.0 = Release|Any CPU
		{DEF17271-8583-4554-B5DE-54FCB594DC2E}.Debug|Any CPU.ActiveCfg = Debug|Any CPU
		{DEF17271-8583-4554-B5DE-54FCB594DC2E}.Debug|Any CPU.Build.0 = Debug|Any CPU
		{DEF17271-8583-4554-B5DE-54FCB594DC2E}.Release|Any CPU.ActiveCfg = Release|Any CPU
		{DEF17271-8583-4554-B5DE-54FCB594DC2E}.Release|Any CPU.Build.0 = Release|Any CPU
	EndGlobalSection
	GlobalSection(SolutionProperties) = preSolution
		HideSolutionNode = FALSE
	EndGlobalSection
EndGlobal
